github.com/gethugothemes/hugo-modules/accordion v0.0.0-20240228105219-38c9f9c6e062 h1:XsPfC0ADl2Ui7226vY1NEUDWC8kQh6xAnJBebZI17iQ=
github.com/gethugothemes/hugo-modules/accordion v0.0.0-20240228105219-38c9f9c6e062/go.mod h1:D4DpauKPDcUHI9CVKYmJeO6bkSJIhUN864TyXZ2o0VI=
github.com/gethugothemes/hugo-modules/components/cookie-consent v0.0.0-20240228105219-38c9f9c6e062 h1:5FMrsTi2mcmHzvFaubeswo/O/fZaab6mL1w4itYe8b4=
github.com/gethugothemes/hugo-modules/components/cookie-consent v0.0.0-20240228105219-38c9f9c6e062/go.mod h1:511ERLpGe3ZTfV2z/NAtUSR5NqKF26h9z5lU/zYV4YQ=
github.com/gethugothemes/hugo-modules/components/custom-script v0.0.0-20240228105219-38c9f9c6e062 h1:pRLK5Ulmzt2i9uC8AMIeHfumVrJvmfiS/udyWhQXLBU=
github.com/gethugothemes/hugo-modules/components/custom-script v0.0.0-20240228105219-38c9f9c6e062/go.mod h1:RuDHq4WnK8sNEzAIJr4BZQ7oXhzcct/EKaAxc2Xvi9E=
github.com/gethugothemes/hugo-modules/components/render-link v0.0.0-20240228105219-38c9f9c6e062 h1:hdVg2WqfLKcNp8CW1e80A5aQWOnJPN1OnkbtlvBvOOA=
github.com/gethugothemes/hugo-modules/components/render-link v0.0.0-20240228105219-38c9f9c6e062/go.mod h1:z3YcIeEBUonAoRDY1/Jv1ojNVkZ5ud35a0Nn8L4Inx0=
github.com/gethugothemes/hugo-modules/components/social-share v0.0.0-20240228105219-38c9f9c6e062 h1:HDfJzFRNXD3DYWHUmJWLthuMw1VKv9vF3A2DASJhBbQ=
github.com/gethugothemes/hugo-modules/components/social-share v0.0.0-20240228105219-38c9f9c6e062/go.mod h1:Gcj4RM/EBECsJMZnPeWjfy/1roRYGqzV9GYNmeHkvFA=
github.com/gethugothemes/hugo-modules/gallery-slider v0.0.0-20240228105219-38c9f9c6e062 h1:7P2dBvABBhkhObmxqZIhcHYO9F2yKmNog/JdW3CPtg4=
github.com/gethugothemes/hugo-modules/gallery-slider v0.0.0-20240228105219-38c9f9c6e062/go.mod h1:MvQ2js/ofZ22CTX5wuvE+dC0rMe6C5HAWL2fEOu/yzE=
github.com/gethugothemes/hugo-modules/gzip-caching v0.0.0-20240228105219-38c9f9c6e062 h1:yCS+IPHjDi0pLoPxzjYLKWP5VJ3mMtF+03ZcN+caSEc=
github.com/gethugothemes/hugo-modules/gzip-caching v0.0.0-20240228105219-38c9f9c6e062/go.mod h1:0ZMjTZVG4XLZU2/icc8Saqo4mmgMpfRTrUZU2Aa2Pwg=
github.com/gethugothemes/hugo-modules/icons/font-awesome v0.0.0-20240228105219-38c9f9c6e062 h1:MgJ3oEyPQjx1q6NfUe0/wC4h2fCb6l1IXMIw24/mh5Y=
github.com/gethugothemes/hugo-modules/icons/font-awesome v0.0.0-20240228105219-38c9f9c6e062/go.mod h1:d3gy1vQyfasPmGpau7HpQLrXbOv23PfXclSnjyOBxeU=
github.com/gethugothemes/hugo-modules/images v0.0.0-20240228105219-38c9f9c6e062 h1:HScpsHzGHkGqS1/rFhFIeLkS6m3SkGdj2ytLmFxjCyY=
github.com/gethugothemes/hugo-modules/images v0.0.0-20240228105219-38c9f9c6e062/go.mod h1:FKliP3qOW9diIcQeLtyZ0Hdhg3PL8bdAkC/6O+XtU90=
github.com/gethugothemes/hugo-modules/modal v0.0.0-20240228105219-38c9f9c6e062 h1:QOnuqgfI8piySUh4wvaZKYed+oJNed9ta6edbzSVip8=
github.com/gethugothemes/hugo-modules/modal v0.0.0-20240228105219-38c9f9c6e062/go.mod h1:Eb9v7oV6biymfvjcBhQdvgn0gUGYhUtfCMeOBLFpFsk=
github.com/gethugothemes/hugo-modules/search v0.0.0-20240228105219-38c9f9c6e062 h1:D3fF1aHgxftk7rum+zdzeQ/lLhguyamoZ51mg6CDt0s=
github.com/gethugothemes/hugo-modules/search v0.0.0-20240228105219-38c9f9c6e062/go.mod h1:tmDvLaZCM+QDvS/WLZXNjY1QTdWh7/68D2wIToECbyA=
github.com/gethugothemes/hugo-modules/seo-tools/basic-seo v0.0.0-20240228105219-38c9f9c6e062 h1:B0/vJSOFXSX12zgz6YoqEfTbFeDQDlDsNYkBLD+qqAo=
github.com/gethugothemes/hugo-modules/seo-tools/basic-seo v0.0.0-20240228105219-38c9f9c6e062/go.mod h1:Q8dPgjamV7pxwKSQyWV21Xwh5CGi23/k+M8HPTphYbs=
github.com/gethugothemes/hugo-modules/seo-tools/site-verifications v0.0.0-20240228105219-38c9f9c6e062 h1:UX1v5sNUygLnXfUpnJv2y9NUpQSBNboXxlmNLMexuI4=
github.com/gethugothemes/hugo-modules/seo-tools/site-verifications v0.0.0-20240228105219-38c9f9c6e062/go.mod h1:iXielaya126qJscz7Bc2G2WB91moloQOoWru6UoBUyE=
github.com/gethugothemes/hugo-modules/shortcodes/button v0.0.0-20240228105219-38c9f9c6e062 h1:l3LZzVDhz/T3zQ+Mej8kxj3Fcz7zsR7XdV4V4O7WO3w=
github.com/gethugothemes/hugo-modules/shortcodes/button v0.0.0-20240228105219-38c9f9c6e062/go.mod h1:MSvxGvjvcGUKTs6YMATU/9kYFrzW+VSVdy4CCOQLdsY=
github.com/gethugothemes/hugo-modules/shortcodes/notice v0.0.0-20240228105219-38c9f9c6e062 h1:BDpkaX1QiHZ20xGv6JoMXzyqwT6tal3j0izM9Pr+3SI=
github.com/gethugothemes/hugo-modules/shortcodes/notice v0.0.0-20240228105219-38c9f9c6e062/go.mod h1:ljWyMJx82WA+6SlKjbGFhEdxcriyvUTCjXkJHDa4lho=
github.com/gethugothemes/hugo-modules/tab v0.0.0-20240228105219-38c9f9c6e062 h1:maHpnd9cDdXWkWHhFoMFjnX0DtnGFlJOlieD3YyJdvM=
github.com/gethugothemes/hugo-modules/tab v0.0.0-20240228105219-38c9f9c6e062/go.mod h1:h3UxlxrFoU19JldxWLPBKaTZFe3AJtABrqo1wfxr+Ng=
github.com/gethugothemes/hugo-modules/videos v0.0.0-20240228105219-38c9f9c6e062 h1:73T8T6ONM7zJDZYXhrZEs+EUMl7n1JYy12H9YyCgZPQ=
github.com/gethugothemes/hugo-modules/videos v0.0.0-20240228105219-38c9f9c6e062/go.mod h1:P722lLWdnNhdZVq6gvMrOLqECUwrAYQWaOWlChta5H0=
